// !$*UTF8*$!
{
	archiveVersion = 1;
	classes = {
	};
	objectVersion = 50;
	objects = {

/* Begin PBXBuildFile section */
		848A916B25401353009A4557 /* AppDelegate.swift in Sources */ = {isa = PBXBuildFile; fileRef = 848A916A25401353009A4557 /* AppDelegate.swift */; };
		848A916D25401353009A4557 /* SceneDelegate.swift in Sources */ = {isa = PBXBuildFile; fileRef = 848A916C25401353009A4557 /* SceneDelegate.swift */; };
		848A916F25401353009A4557 /* ViewController.swift in Sources */ = {isa = PBXBuildFile; fileRef = 848A916E25401353009A4557 /* ViewController.swift */; };
		848A917225401353009A4557 /* Main.storyboard in Resources */ = {isa = PBXBuildFile; fileRef = 848A917025401353009A4557 /* Main.storyboard */; };
		848A917425401354009A4557 /* Assets.xcassets in Resources */ = {isa = PBXBuildFile; fileRef = 848A917325401354009A4557 /* Assets.xcassets */; };
		848A917725401354009A4557 /* LaunchScreen.storyboard in Resources */ = {isa = PBXBuildFile; fileRef = 848A917525401354009A4557 /* LaunchScreen.storyboard */; };
		848A91882540258F009A4557 /* PopularViewController.swift in Sources */ = {isa = PBXBuildFile; fileRef = 848A91872540258F009A4557 /* PopularViewController.swift */; };
		848A918B2540259D009A4557 /* ProfileViewController.swift in Sources */ = {isa = PBXBuildFile; fileRef = 848A918A2540259D009A4557 /* ProfileViewController.swift */; };
		848A918E254025C7009A4557 /* ViewCustom.swift in Sources */ = {isa = PBXBuildFile; fileRef = 848A918D254025C7009A4557 /* ViewCustom.swift */; };
/* End PBXBuildFile section */

/* Begin PBXFileReference section */
		848A916725401353009A4557 /* NotificationCenter.app */ = {isa = PBXFileReference; explicitFileType = wrapper.application; includeInIndex = 0; path = NotificationCenter.app; sourceTree = BUILT_PRODUCTS_DIR; };
		848A916A25401353009A4557 /* AppDelegate.swift */ = {isa = PBXFileReference; lastKnownFileType = sourcecode.swift; path = AppDelegate.swift; sourceTree = "<group>"; };
		848A916C25401353009A4557 /* SceneDelegate.swift */ = {isa = PBXFileReference; lastKnownFileType = sourcecode.swift; name = SceneDelegate.swift; path = "../New Group/SceneDelegate.swift"; sourceTree = "<group>"; };
		848A916E25401353009A4557 /* ViewController.swift */ = {isa = PBXFileReference; lastKnownFileType = sourcecode.swift; path = ViewController.swift; sourceTree = "<group>"; };
		848A917125401353009A4557 /* Base */ = {isa = PBXFileReference; lastKnownFileType = file.storyboard; name = Base; path = Base.lproj/Main.storyboard; sourceTree = "<group>"; };
		848A917325401354009A4557 /* Assets.xcassets */ = {isa = PBXFileReference; lastKnownFileType = folder.assetcatalog; path = Assets.xcassets; sourceTree = "<group>"; };
		848A917625401354009A4557 /* Base */ = {isa = PBXFileReference; lastKnownFileType = file.storyboard; name = Base; path = Base.lproj/LaunchScreen.storyboard; sourceTree = "<group>"; };
		848A917825401354009A4557 /* Info.plist */ = {isa = PBXFileReference; lastKnownFileType = text.plist.xml; path = Info.plist; sourceTree = "<group>"; };
		848A91872540258F009A4557 /* PopularViewController.swift */ = {isa = PBXFileReference; lastKnownFileType = sourcecode.swift; path = PopularViewController.swift; sourceTree = "<group>"; };
		848A918A2540259D009A4557 /* ProfileViewController.swift */ = {isa = PBXFileReference; lastKnownFileType = sourcecode.swift; path = ProfileViewController.swift; sourceTree = "<group>"; };
		848A918D254025C7009A4557 /* ViewCustom.swift */ = {isa = PBXFileReference; lastKnownFileType = sourcecode.swift; path = ViewCustom.swift; sourceTree = "<group>"; };
/* End PBXFileReference section */

/* Begin PBXFrameworksBuildPhase section */
		848A916425401353009A4557 /* Frameworks */ = {
			isa = PBXFrameworksBuildPhase;
			buildActionMask = 2147483647;
			files = (
			);
			runOnlyForDeploymentPostprocessing = 0;
		};
/* End PBXFrameworksBuildPhase section */

/* Begin PBXGroup section */
		848A915E25401353009A4557 = {
			isa = PBXGroup;
			children = (
				848A916925401353009A4557 /* NotificationCenter */,
				848A916825401353009A4557 /* Products */,
			);
			sourceTree = "<group>";
		};
		848A916825401353009A4557 /* Products */ = {
			isa = PBXGroup;
			children = (
				848A916725401353009A4557 /* NotificationCenter.app */,
			);
			name = Products;
			sourceTree = "<group>";
		};
		848A916925401353009A4557 /* NotificationCenter */ = {
			isa = PBXGroup;
			children = (
				848A918525401A44009A4557 /* Extension */,
				848A918425401A3A009A4557 /* Utility */,
				848A917F254019C5009A4557 /* App Delegate */,
				848A9180254019E5009A4557 /* Controller */,
				848A9181254019F6009A4557 /* View */,
				848A917325401354009A4557 /* Assets.xcassets */,
				848A917525401354009A4557 /* LaunchScreen.storyboard */,
				848A917825401354009A4557 /* Info.plist */,
			);
			path = NotificationCenter;
			sourceTree = "<group>";
		};
		848A917F254019C5009A4557 /* App Delegate */ = {
			isa = PBXGroup;
			children = (
				848A916A25401353009A4557 /* AppDelegate.swift */,
				848A916C25401353009A4557 /* SceneDelegate.swift */,
			);
			path = "App Delegate";
			sourceTree = "<group>";
		};
		848A9180254019E5009A4557 /* Controller */ = {
			isa = PBXGroup;
			children = (
				848A916E25401353009A4557 /* ViewController.swift */,
				848A91872540258F009A4557 /* PopularViewController.swift */,
				848A918A2540259D009A4557 /* ProfileViewController.swift */,
			);
			path = Controller;
			sourceTree = "<group>";
		};
		848A9181254019F6009A4557 /* View */ = {
			isa = PBXGroup;
			children = (
				848A917025401353009A4557 /* Main.storyboard */,
			);
			path = View;
			sourceTree = "<group>";
		};
		848A918425401A3A009A4557 /* Utility */ = {
			isa = PBXGroup;
			children = (
			);
			path = Utility;
			sourceTree = "<group>";
		};
		848A918525401A44009A4557 /* Extension */ = {
			isa = PBXGroup;
			children = (
				848A918D254025C7009A4557 /* ViewCustom.swift */,
			);
			path = Extension;
			sourceTree = "<group>";
		};
/* End PBXGroup section */

/* Begin PBXNativeTarget section */
		848A916625401353009A4557 /* NotificationCenter */ = {
			isa = PBXNativeTarget;
			buildConfigurationList = 848A917B25401354009A4557 /* Build configuration list for PBXNativeTarget "NotificationCenter" */;
			buildPhases = (
				848A916325401353009A4557 /* Sources */,
				848A916425401353009A4557 /* Frameworks */,
				848A916525401353009A4557 /* Resources */,
			);
			buildRules = (
			);
			dependencies = (
			);
			name = NotificationCenter;
			productName = NotificationCenter;
			productReference = 848A916725401353009A4557 /* NotificationCenter.app */;
			productType = "com.apple.product-type.application";
		};
/* End PBXNativeTarget section */

/* Begin PBXProject section */
		848A915F25401353009A4557 /* Project object */ = {
			isa = PBXProject;
			attributes = {
				LastSwiftUpdateCheck = 1200;
				LastUpgradeCheck = 1200;
				TargetAttributes = {
					848A916625401353009A4557 = {
						CreatedOnToolsVersion = 12.0.1;
					};
				};
			};
			buildConfigurationList = 848A916225401353009A4557 /* Build configuration list for PBXProject "NotificationCenter" */;
			compatibilityVersion = "Xcode 9.3";
			developmentRegion = en;
			hasScannedForEncodings = 0;
			knownRegions = (
				en,
				Base,
			);
			mainGroup = 848A915E25401353009A4557;
			productRefGroup = 848A916825401353009A4557 /* Products */;
			projectDirPath = "";
			projectRoot = "";
			targets = (
				848A916625401353009A4557 /* NotificationCenter */,
			);
		};
/* End PBXProject section */

/* Begin PBXResourcesBuildPhase section */
		848A916525401353009A4557 /* Resources */ = {
			isa = PBXResourcesBuildPhase;
			buildActionMask = 2147483647;
			files = (
				848A917725401354009A4557 /* LaunchScreen.storyboard in Resources */,
				848A917425401354009A4557 /* Assets.xcassets in Resources */,
				848A917225401353009A4557 /* Main.storyboard in Resources */,
			);
			runOnlyForDeploymentPostprocessing = 0;
		};
/* End PBXResourcesBuildPhase section */

/* Begin PBXSourcesBuildPhase section */
		848A916325401353009A4557 /* Sources */ = {
			isa = PBXSourcesBuildPhase;
			buildActionMask = 2147483647;
			files = (
				848A91882540258F009A4557 /* PopularViewController.swift in Sources */,
				848A916F25401353009A4557 /* ViewController.swift in Sources */,
				848A918B2540259D009A4557 /* ProfileViewController.swift in Sources */,
				848A916B25401353009A4557 /* AppDelegate.swift in Sources */,
				848A916D25401353009A4557 /* SceneDelegate.swift in Sources */,
				848A918E254025C7009A4557 /* ViewCustom.swift in Sources */,
			);
			runOnlyForDeploymentPostprocessing = 0;
		};
/* End PBXSourcesBuildPhase section */

/* Begin PBXVariantGroup section */
		848A917025401353009A4557 /* Main.storyboard */ = {
			isa = PBXVariantGroup;
			children = (
				848A917125401353009A4557 /* Base */,
			);
			name = Main.storyboard;
			sourceTree = "<group>";
		};
		848A917525401354009A4557 /* LaunchScreen.storyboard */ = {
			isa = PBXVariantGroup;
			children = (
				848A917625401354009A4557 /* Base */,
			);
			name = LaunchScreen.storyboard;
			sourceTree = "<group>";
		};
/* End PBXVariantGroup section */

/* Begin XCBuildConfiguration section */
		848A917925401354009A4557 /* Debug */ = {
			isa = XCBuildConfiguration;
			buildSettings = {
				ALWAYS_SEARCH_USER_PATHS = NO;
				CLANG_ANALYZER_NONNULL = YES;
				CLANG_ANALYZER_NUMBER_OBJECT_CONVERSION = YES_AGGRESSIVE;
				CLANG_CXX_LANGUAGE_STANDARD = "gnu++14";
				CLANG_CXX_LIBRARY = "libc++";
				CLANG_ENABLE_MODULES = YES;
				CLANG_ENABLE_OBJC_ARC = YES;
				CLANG_ENABLE_OBJC_WEAK = YES;
				CLANG_WARN_BLOCK_CAPTURE_AUTORELEASING = YES;
				CLANG_WARN_BOOL_CONVERSION = YES;
				CLANG_WARN_COMMA = YES;
				CLANG_WARN_CONSTANT_CONVERSION = YES;
				CLANG_WARN_DEPRECATED_OBJC_IMPLEMENTATIONS = YES;
				CLANG_WARN_DIRECT_OBJC_ISA_USAGE = YES_ERROR;
				CLANG_WARN_DOCUMENTATION_COMMENTS = YES;
				CLANG_WARN_EMPTY_BODY = YES;
				CLANG_WARN_ENUM_CONVERSION = YES;
				CLANG_WARN_INFINITE_RECURSION = YES;
				CLANG_WARN_INT_CONVERSION = YES;
				CLANG_WARN_NON_LITERAL_NULL_CONVERSION = YES;
				CLANG_WARN_OBJC_IMPLICIT_RETAIN_SELF = YES;
				CLANG_WARN_OBJC_LITERAL_CONVERSION = YES;
				CLANG_WARN_OBJC_ROOT_CLASS = YES_ERROR;
				CLANG_WARN_QUOTED_INCLUDE_IN_FRAMEWORK_HEADER = YES;
				CLANG_WARN_RANGE_LOOP_ANALYSIS = YES;
				CLANG_WARN_STRICT_PROTOTYPES = YES;
				CLANG_WARN_SUSPICIOUS_MOVE = YES;
				CLANG_WARN_UNGUARDED_AVAILABILITY = YES_AGGRESSIVE;
				CLANG_WARN_UNREACHABLE_CODE = YES;
				CLANG_WARN__DUPLICATE_METHOD_MATCH = YES;
				COPY_PHASE_STRIP = NO;
				DEBUG_INFORMATION_FORMAT = dwarf;
				ENABLE_STRICT_OBJC_MSGSEND = YES;
				ENABLE_TESTABILITY = YES;
				GCC_C_LANGUAGE_STANDARD = gnu11;
				GCC_DYNAMIC_NO_PIC = NO;
				GCC_NO_COMMON_BLOCKS = YES;
				GCC_OPTIMIZATION_LEVEL = 0;
				GCC_PREPROCESSOR_DEFINITIONS = (
					"DEBUG=1",
					"$(inherited)",
				);
				GCC_WARN_64_TO_32_BIT_CONVERSION = YES;
				GCC_WARN_ABOUT_RETURN_TYPE = YES_ERROR;
				GCC_WARN_UNDECLARED_SELECTOR = YES;
				GCC_WARN_UNINITIALIZED_AUTOS = YES_AGGRESSIVE;
				GCC_WARN_UNUSED_FUNCTION = YES;
				GCC_WARN_UNUSED_VARIABLE = YES;
				IPHONEOS_DEPLOYMENT_TARGET = 14.0;
				MTL_ENABLE_DEBUG_INFO = INCLUDE_SOURCE;
				MTL_FAST_MATH = YES;
				ONLY_ACTIVE_ARCH = YES;
				SDKROOT = iphoneos;
				SWIFT_ACTIVE_COMPILATION_CONDITIONS = DEBUG;
				SWIFT_OPTIMIZATION_LEVEL = "-Onone";
			};
			name = Debug;
		};
		848A917A25401354009A4557 /* Release */ = {
			isa = XCBuildConfiguration;
			buildSettings = {
				ALWAYS_SEARCH_USER_PATHS = NO;
				CLANG_ANALYZER_NONNULL = YES;
				CLANG_ANALYZER_NUMBER_OBJECT_CONVERSION = YES_AGGRESSIVE;
				CLANG_CXX_LANGUAGE_STANDARD = "gnu++14";
				CLANG_CXX_LIBRARY = "libc++";
				CLANG_ENABLE_MODULES = YES;
				CLANG_ENABLE_OBJC_ARC = YES;
				CLANG_ENABLE_OBJC_WEAK = YES;
				CLANG_WARN_BLOCK_CAPTURE_AUTORELEASING = YES;
				CLANG_WARN_BOOL_CONVERSION = YES;
				CLANG_WARN_COMMA = YES;
				CLANG_WARN_CONSTANT_CONVERSION = YES;
				CLANG_WARN_DEPRECATED_OBJC_IMPLEMENTATIONS = YES;
				CLANG_WARN_DIRECT_OBJC_ISA_USAGE = YES_ERROR;
				CLANG_WARN_DOCUMENTATION_COMMENTS = YES;
				CLANG_WARN_EMPTY_BODY = YES;
				CLANG_WARN_ENUM_CONVERSION = YES;
				CLANG_WARN_INFINITE_RECURSION = YES;
				CLANG_WARN_INT_CONVERSION = YES;
				CLANG_WARN_NON_LITERAL_NULL_CONVERSION = YES;
				CLANG_WARN_OBJC_IMPLICIT_RETAIN_SELF = YES;
				CLANG_WARN_OBJC_LITERAL_CONVERSION = YES;
				CLANG_WARN_OBJC_ROOT_CLASS = YES_ERROR;
				CLANG_WARN_QUOTED_INCLUDE_IN_FRAMEWORK_HEADER = YES;
				CLANG_WARN_RANGE_LOOP_ANALYSIS = YES;
				CLANG_WARN_STRICT_PROTOTYPES = YES;
				CLANG_WARN_SUSPICIOUS_MOVE = YES;
				CLANG_WARN_UNGUARDED_AVAILABILITY = YES_AGGRESSIVE;
				CLANG_WARN_UNREACHABLE_CODE = YES;
				CLANG_WARN__DUPLICATE_METHOD_MATCH = YES;
				COPY_PHASE_STRIP = NO;
				DEBUG_INFORMATION_FORMAT = "dwarf-with-dsym";
				ENABLE_NS_ASSERTIONS = NO;
				ENABLE_STRICT_OBJC_MSGSEND = YES;
				GCC_C_LANGUAGE_STANDARD = gnu11;
				GCC_NO_COMMON_BLOCKS = YES;
				GCC_WARN_64_TO_32_BIT_CONVERSION = YES;
				GCC_WARN_ABOUT_RETURN_TYPE = YES_ERROR;
				GCC_WARN_UNDECLARED_SELECTOR = YES;
				GCC_WARN_UNINITIALIZED_AUTOS = YES_AGGRESSIVE;
				GCC_WARN_UNUSED_FUNCTION = YES;
				GCC_WARN_UNUSED_VARIABLE = YES;
				IPHONEOS_DEPLOYMENT_TARGET = 14.0;
				MTL_ENABLE_DEBUG_INFO = NO;
				MTL_FAST_MATH = YES;
				SDKROOT = iphoneos;
				SWIFT_COMPILATION_MODE = wholemodule;
				SWIFT_OPTIMIZATION_LEVEL = "-O";
				VALIDATE_PRODUCT = YES;
			};
			name = Release;
		};
		848A917C25401354009A4557 /* Debug */ = {
			isa = XCBuildConfiguration;
			buildSettings = {
				ASSETCATALOG_COMPILER_APPICON_NAME = AppIcon;
				ASSETCATALOG_COMPILER_GLOBAL_ACCENT_COLOR_NAME = AccentColor;
				CODE_SIGN_STYLE = Automatic;
				INFOPLIST_FILE = NotificationCenter/Info.plist;
				LD_RUNPATH_SEARCH_PATHS = (
					"$(inherited)",
					"@executable_path/Frameworks",
				);
				PRODUCT_BUNDLE_IDENTIFIER = com.hrd.NotificationCenter;
				PRODUCT_NAME = "$(TARGET_NAME)";
				SWIFT_VERSION = 5.0;
				TARGETED_DEVICE_FAMILY = "1,2";
			};
			name = Debug;
		};
		848A917D25401354009A4557 /* Release */ = {
			isa = XCBuildConfiguration;
			buildSettings = {
				ASSETCATALOG_COMPILER_APPICON_NAME = AppIcon;
				ASSETCATALOG_COMPILER_GLOBAL_ACCENT_COLOR_NAME = AccentColor;
				CODE_SIGN_STYLE = Automatic;
				INFOPLIST_FILE = NotificationCenter/Info.plist;
				LD_RUNPATH_SEARCH_PATHS = (
					"$(inherited)",
					"@executable_path/Frameworks",
				);
				PRODUCT_BUNDLE_IDENTIFIER = com.hrd.NotificationCenter;
				PRODUCT_NAME = "$(TARGET_NAME)";
				SWIFT_VERSION = 5.0;
				TARGETED_DEVICE_FAMILY = "1,2";
			};
			name = Release;
		};
/* End XCBuildConfiguration section */

/* Begin XCConfigurationList section */
		848A916225401353009A4557 /* Build configuration list for PBXProject "NotificationCenter" */ = {
			isa = XCConfigurationList;
			buildConfigurations = (
				848A917925401354009A4557 /* Debug */,
				848A917A25401354009A4557 /* Release */,
			);
			defaultConfigurationIsVisible = 0;
			defaultConfigurationName = Release;
		};
		848A917B25401354009A4557 /* Build configuration list for PBXNativeTarget "NotificationCenter" */ = {
			isa = XCConfigurationList;
			buildConfigurations = (
				848A917C25401354009A4557 /* Debug */,
				848A917D25401354009A4557 /* Release */,
			);
			defaultConfigurationIsVisible = 0;
			defaultConfigurationName = Release;
		};
/* End XCConfigurationList section */
	};
	rootObject = 848A915F25401353009A4557 /* Project object */;
}
